
Microsoft Visual Studio Solution File, Format Version 12.00
# Visual Studio Version 17
VisualStudioVersion = 17.5.33502.453
MinimumVisualStudioVersion = 10.0.40219.1
Project("{FAE04EC0-301F-11D3-BF4B-00C04F79EFBC}") = "Utevolux.WebApi", "Utevolux.WebApi\Utevolux.WebApi.csproj", "{C5226BA6-DC38-4B2A-B5E6-0AE25FF70C11}"
EndProject
Global
	GlobalSection(SolutionConfigurationPlatforms) = preSolution
		Debug|Any CPU = Debug|Any CPU
		Release|Any CPU = Release|Any CPU
	EndGlobalSection
	GlobalSection(ProjectConfigurationPlatforms) = postSolution
		{C5226BA6-DC38-4B2A-B5E6-0AE25FF70C11}.Debug|Any CPU.ActiveCfg = Debug|Any CPU
		{C5226BA6-DC38-4B2A-B5E6-0AE25FF70C11}.Debug|Any CPU.Build.0 = Debug|Any CPU
		{C5226BA6-DC38-4B2A-B5E6-0AE25FF70C11}.Release|Any CPU.ActiveCfg = Release|Any CPU
		{C5226BA6-DC38-4B2A-B5E6-0AE25FF70C11}.Release|Any CPU.Build.0 = Release|Any CPU
	EndGlobalSection
	GlobalSection(SolutionProperties) = preSolution
		HideSolutionNode = FALSE
	EndGlobalSection
	GlobalSection(ExtensibilityGlobals) = postSolution
		SolutionGuid = {C391D6DB-D736-4F29-BC2D-0C831CB47C29}
	EndGlobalSection
EndGlobal
